// !$*UTF8*$!
{
	archiveVersion = 1;
	classes = {
	};
	objectVersion = 50;
	objects = {

/* Begin PBXBuildFile section */
		A60409DF25F3A950001F19F6 /* DrawingData.swift in Sources */ = {isa = PBXBuildFile; fileRef = A60409DE25F3A950001F19F6 /* DrawingData.swift */; };
		A65D34EF25EF590C007CE1BE /* HomeView.swift in Sources */ = {isa = PBXBuildFile; fileRef = A65D34EE25EF590C007CE1BE /* HomeView.swift */; };
		A65D34FE25F257A8007CE1BE /* CanvasButton.swift in Sources */ = {isa = PBXBuildFile; fileRef = A65D34FD25F257A8007CE1BE /* CanvasButton.swift */; };
		A67B678025ECF4360082E81F /* PencilDrawingApp.swift in Sources */ = {isa = PBXBuildFile; fileRef = A67B677F25ECF4360082E81F /* PencilDrawingApp.swift */; };
		A67B678225ECF4360082E81F /* ContentView.swift in Sources */ = {isa = PBXBuildFile; fileRef = A67B678125ECF4360082E81F /* ContentView.swift */; };
		A67B678425ECF43D0082E81F /* Assets.xcassets in Resources */ = {isa = PBXBuildFile; fileRef = A67B678325ECF43D0082E81F /* Assets.xcassets */; };
		A67B678725ECF43D0082E81F /* Preview Assets.xcassets in Resources */ = {isa = PBXBuildFile; fileRef = A67B678625ECF43D0082E81F /* Preview Assets.xcassets */; };
		A67B679025ECF5350082E81F /* CanvasView.swift in Sources */ = {isa = PBXBuildFile; fileRef = A67B678F25ECF5350082E81F /* CanvasView.swift */; };
/* End PBXBuildFile section */

/* Begin PBXFileReference section */
		A60409DE25F3A950001F19F6 /* DrawingData.swift */ = {isa = PBXFileReference; lastKnownFileType = sourcecode.swift; path = DrawingData.swift; sourceTree = "<group>"; };
		A65D34EE25EF590C007CE1BE /* HomeView.swift */ = {isa = PBXFileReference; lastKnownFileType = sourcecode.swift; path = HomeView.swift; sourceTree = "<group>"; };
		A65D34FD25F257A8007CE1BE /* CanvasButton.swift */ = {isa = PBXFileReference; lastKnownFileType = sourcecode.swift; path = CanvasButton.swift; sourceTree = "<group>"; };
		A67B677C25ECF4360082E81F /* PencilDrawing.app */ = {isa = PBXFileReference; explicitFileType = wrapper.application; includeInIndex = 0; path = PencilDrawing.app; sourceTree = BUILT_PRODUCTS_DIR; };
		A67B677F25ECF4360082E81F /* PencilDrawingApp.swift */ = {isa = PBXFileReference; lastKnownFileType = sourcecode.swift; path = PencilDrawingApp.swift; sourceTree = "<group>"; };
		A67B678125ECF4360082E81F /* ContentView.swift */ = {isa = PBXFileReference; lastKnownFileType = sourcecode.swift; path = ContentView.swift; sourceTree = "<group>"; };
		A67B678325ECF43D0082E81F /* Assets.xcassets */ = {isa = PBXFileReference; lastKnownFileType = folder.assetcatalog; path = Assets.xcassets; sourceTree = "<group>"; };
		A67B678625ECF43D0082E81F /* Preview Assets.xcassets */ = {isa = PBXFileReference; lastKnownFileType = folder.assetcatalog; path = "Preview Assets.xcassets"; sourceTree = "<group>"; };
		A67B678825ECF43D0082E81F /* Info.plist */ = {isa = PBXFileReference; lastKnownFileType = text.plist.xml; path = Info.plist; sourceTree = "<group>"; };
		A67B678F25ECF5350082E81F /* CanvasView.swift */ = {isa = PBXFileReference; lastKnownFileType = sourcecode.swift; path = CanvasView.swift; sourceTree = "<group>"; };
/* End PBXFileReference section */

/* Begin PBXFrameworksBuildPhase section */
		A67B677925ECF4360082E81F /* Frameworks */ = {
			isa = PBXFrameworksBuildPhase;
			buildActionMask = 2147483647;
			files = (
			);
			runOnlyForDeploymentPostprocessing = 0;
		};
/* End PBXFrameworksBuildPhase section */

/* Begin PBXGroup section */
		A65D34F725EF5941007CE1BE /* Views */ = {
			isa = PBXGroup;
			children = (
				A65D34EE25EF590C007CE1BE /* HomeView.swift */,
				A67B678F25ECF5350082E81F /* CanvasView.swift */,
				A65D34FD25F257A8007CE1BE /* CanvasButton.swift */,
			);
			path = Views;
			sourceTree = "<group>";
		};
		A67B677325ECF4350082E81F = {
			isa = PBXGroup;
			children = (
				A67B677E25ECF4360082E81F /* PencilDrawing */,
				A67B677D25ECF4360082E81F /* Products */,
			);
			sourceTree = "<group>";
		};
		A67B677D25ECF4360082E81F /* Products */ = {
			isa = PBXGroup;
			children = (
				A67B677C25ECF4360082E81F /* PencilDrawing.app */,
			);
			name = Products;
			sourceTree = "<group>";
		};
		A67B677E25ECF4360082E81F /* PencilDrawing */ = {
			isa = PBXGroup;
			children = (
				A67B677F25ECF4360082E81F /* PencilDrawingApp.swift */,
				A67B678125ECF4360082E81F /* ContentView.swift */,
				A60409DE25F3A950001F19F6 /* DrawingData.swift */,
				A65D34F725EF5941007CE1BE /* Views */,
				A67B678325ECF43D0082E81F /* Assets.xcassets */,
				A67B678825ECF43D0082E81F /* Info.plist */,
				A67B678525ECF43D0082E81F /* Preview Content */,
			);
			path = PencilDrawing;
			sourceTree = "<group>";
		};
		A67B678525ECF43D0082E81F /* Preview Content */ = {
			isa = PBXGroup;
			children = (
				A67B678625ECF43D0082E81F /* Preview Assets.xcassets */,
			);
			path = "Preview Content";
			sourceTree = "<group>";
		};
/* End PBXGroup section */

/* Begin PBXNativeTarget section */
		A67B677B25ECF4360082E81F /* PencilDrawing */ = {
			isa = PBXNativeTarget;
			buildConfigurationList = A67B678B25ECF43D0082E81F /* Build configuration list for PBXNativeTarget "PencilDrawing" */;
			buildPhases = (
				A67B677825ECF4360082E81F /* Sources */,
				A67B677925ECF4360082E81F /* Frameworks */,
				A67B677A25ECF4360082E81F /* Resources */,
			);
			buildRules = (
			);
			dependencies = (
			);
			name = PencilDrawing;
			productName = PencilDrawing;
			productReference = A67B677C25ECF4360082E81F /* PencilDrawing.app */;
			productType = "com.apple.product-type.application";
		};
/* End PBXNativeTarget section */

/* Begin PBXProject section */
		A67B677425ECF4350082E81F /* Project object */ = {
			isa = PBXProject;
			attributes = {
				LastSwiftUpdateCheck = 1240;
				LastUpgradeCheck = 1240;
				TargetAttributes = {
					A67B677B25ECF4360082E81F = {
						CreatedOnToolsVersion = 12.4;
					};
				};
			};
			buildConfigurationList = A67B677725ECF4360082E81F /* Build configuration list for PBXProject "PencilDrawing" */;
			compatibilityVersion = "Xcode 9.3";
			developmentRegion = en;
			hasScannedForEncodings = 0;
			knownRegions = (
				en,
				Base,
			);
			mainGroup = A67B677325ECF4350082E81F;
			productRefGroup = A67B677D25ECF4360082E81F /* Products */;
			projectDirPath = "";
			projectRoot = "";
			targets = (
				A67B677B25ECF4360082E81F /* PencilDrawing */,
			);
		};
/* End PBXProject section */

/* Begin PBXResourcesBuildPhase section */
		A67B677A25ECF4360082E81F /* Resources */ = {
			isa = PBXResourcesBuildPhase;
			buildActionMask = 2147483647;
			files = (
				A67B678725ECF43D0082E81F /* Preview Assets.xcassets in Resources */,
				A67B678425ECF43D0082E81F /* Assets.xcassets in Resources */,
			);
			runOnlyForDeploymentPostprocessing = 0;
		};
/* End PBXResourcesBuildPhase section */

/* Begin PBXSourcesBuildPhase section */
		A67B677825ECF4360082E81F /* Sources */ = {
			isa = PBXSourcesBuildPhase;
			buildActionMask = 2147483647;
			files = (
				A67B678225ECF4360082E81F /* ContentView.swift in Sources */,
				A60409DF25F3A950001F19F6 /* DrawingData.swift in Sources */,
				A65D34FE25F257A8007CE1BE /* CanvasButton.swift in Sources */,
				A65D34EF25EF590C007CE1BE /* HomeView.swift in Sources */,
				A67B678025ECF4360082E81F /* PencilDrawingApp.swift in Sources */,
				A67B679025ECF5350082E81F /* CanvasView.swift in Sources */,
			);
			runOnlyForDeploymentPostprocessing = 0;
		};
/* End PBXSourcesBuildPhase section */

/* Begin XCBuildConfiguration section */
		A67B678925ECF43D0082E81F /* Debug */ = {
			isa = XCBuildConfiguration;
			buildSettings = {
				ALWAYS_SEARCH_USER_PATHS = NO;
				CLANG_ANALYZER_NONNULL = YES;
				CLANG_ANALYZER_NUMBER_OBJECT_CONVERSION = YES_AGGRESSIVE;
				CLANG_CXX_LANGUAGE_STANDARD = "gnu++14";
				CLANG_CXX_LIBRARY = "libc++";
				CLANG_ENABLE_MODULES = YES;
				CLANG_ENABLE_OBJC_ARC = YES;
				CLANG_ENABLE_OBJC_WEAK = YES;
				CLANG_WARN_BLOCK_CAPTURE_AUTORELEASING = YES;
				CLANG_WARN_BOOL_CONVERSION = YES;
				CLANG_WARN_COMMA = YES;
				CLANG_WARN_CONSTANT_CONVERSION = YES;
				CLANG_WARN_DEPRECATED_OBJC_IMPLEMENTATIONS = YES;
				CLANG_WARN_DIRECT_OBJC_ISA_USAGE = YES_ERROR;
				CLANG_WARN_DOCUMENTATION_COMMENTS = YES;
				CLANG_WARN_EMPTY_BODY = YES;
				CLANG_WARN_ENUM_CONVERSION = YES;
				CLANG_WARN_INFINITE_RECURSION = YES;
				CLANG_WARN_INT_CONVERSION = YES;
				CLANG_WARN_NON_LITERAL_NULL_CONVERSION = YES;
				CLANG_WARN_OBJC_IMPLICIT_RETAIN_SELF = YES;
				CLANG_WARN_OBJC_LITERAL_CONVERSION = YES;
				CLANG_WARN_OBJC_ROOT_CLASS = YES_ERROR;
				CLANG_WARN_QUOTED_INCLUDE_IN_FRAMEWORK_HEADER = YES;
				CLANG_WARN_RANGE_LOOP_ANALYSIS = YES;
				CLANG_WARN_STRICT_PROTOTYPES = YES;
				CLANG_WARN_SUSPICIOUS_MOVE = YES;
				CLANG_WARN_UNGUARDED_AVAILABILITY = YES_AGGRESSIVE;
				CLANG_WARN_UNREACHABLE_CODE = YES;
				CLANG_WARN__DUPLICATE_METHOD_MATCH = YES;
				COPY_PHASE_STRIP = NO;
				DEBUG_INFORMATION_FORMAT = dwarf;
				ENABLE_STRICT_OBJC_MSGSEND = YES;
				ENABLE_TESTABILITY = YES;
				GCC_C_LANGUAGE_STANDARD = gnu11;
				GCC_DYNAMIC_NO_PIC = NO;
				GCC_NO_COMMON_BLOCKS = YES;
				GCC_OPTIMIZATION_LEVEL = 0;
				GCC_PREPROCESSOR_DEFINITIONS = (
					"DEBUG=1",
					"$(inherited)",
				);
				GCC_WARN_64_TO_32_BIT_CONVERSION = YES;
				GCC_WARN_ABOUT_RETURN_TYPE = YES_ERROR;
				GCC_WARN_UNDECLARED_SELECTOR = YES;
				GCC_WARN_UNINITIALIZED_AUTOS = YES_AGGRESSIVE;
				GCC_WARN_UNUSED_FUNCTION = YES;
				GCC_WARN_UNUSED_VARIABLE = YES;
				IPHONEOS_DEPLOYMENT_TARGET = 14.4;
				MTL_ENABLE_DEBUG_INFO = INCLUDE_SOURCE;
				MTL_FAST_MATH = YES;
				ONLY_ACTIVE_ARCH = YES;
				SDKROOT = iphoneos;
				SWIFT_ACTIVE_COMPILATION_CONDITIONS = DEBUG;
				SWIFT_OPTIMIZATION_LEVEL = "-Onone";
			};
			name = Debug;
		};
		A67B678A25ECF43D0082E81F /* Release */ = {
			isa = XCBuildConfiguration;
			buildSettings = {
				ALWAYS_SEARCH_USER_PATHS = NO;
				CLANG_ANALYZER_NONNULL = YES;
				CLANG_ANALYZER_NUMBER_OBJECT_CONVERSION = YES_AGGRESSIVE;
				CLANG_CXX_LANGUAGE_STANDARD = "gnu++14";
				CLANG_CXX_LIBRARY = "libc++";
				CLANG_ENABLE_MODULES = YES;
				CLANG_ENABLE_OBJC_ARC = YES;
				CLANG_ENABLE_OBJC_WEAK = YES;
				CLANG_WARN_BLOCK_CAPTURE_AUTORELEASING = YES;
				CLANG_WARN_BOOL_CONVERSION = YES;
				CLANG_WARN_COMMA = YES;
				CLANG_WARN_CONSTANT_CONVERSION = YES;
				CLANG_WARN_DEPRECATED_OBJC_IMPLEMENTATIONS = YES;
				CLANG_WARN_DIRECT_OBJC_ISA_USAGE = YES_ERROR;
				CLANG_WARN_DOCUMENTATION_COMMENTS = YES;
				CLANG_WARN_EMPTY_BODY = YES;
				CLANG_WARN_ENUM_CONVERSION = YES;
				CLANG_WARN_INFINITE_RECURSION = YES;
				CLANG_WARN_INT_CONVERSION = YES;
				CLANG_WARN_NON_LITERAL_NULL_CONVERSION = YES;
				CLANG_WARN_OBJC_IMPLICIT_RETAIN_SELF = YES;
				CLANG_WARN_OBJC_LITERAL_CONVERSION = YES;
				CLANG_WARN_OBJC_ROOT_CLASS = YES_ERROR;
				CLANG_WARN_QUOTED_INCLUDE_IN_FRAMEWORK_HEADER = YES;
				CLANG_WARN_RANGE_LOOP_ANALYSIS = YES;
				CLANG_WARN_STRICT_PROTOTYPES = YES;
				CLANG_WARN_SUSPICIOUS_MOVE = YES;
				CLANG_WARN_UNGUARDED_AVAILABILITY = YES_AGGRESSIVE;
				CLANG_WARN_UNREACHABLE_CODE = YES;
				CLANG_WARN__DUPLICATE_METHOD_MATCH = YES;
				COPY_PHASE_STRIP = NO;
				DEBUG_INFORMATION_FORMAT = "dwarf-with-dsym";
				ENABLE_NS_ASSERTIONS = NO;
				ENABLE_STRICT_OBJC_MSGSEND = YES;
				GCC_C_LANGUAGE_STANDARD = gnu11;
				GCC_NO_COMMON_BLOCKS = YES;
				GCC_WARN_64_TO_32_BIT_CONVERSION = YES;
				GCC_WARN_ABOUT_RETURN_TYPE = YES_ERROR;
				GCC_WARN_UNDECLARED_SELECTOR = YES;
				GCC_WARN_UNINITIALIZED_AUTOS = YES_AGGRESSIVE;
				GCC_WARN_UNUSED_FUNCTION = YES;
				GCC_WARN_UNUSED_VARIABLE = YES;
				IPHONEOS_DEPLOYMENT_TARGET = 14.4;
				MTL_ENABLE_DEBUG_INFO = NO;
				MTL_FAST_MATH = YES;
				SDKROOT = iphoneos;
				SWIFT_COMPILATION_MODE = wholemodule;
				SWIFT_OPTIMIZATION_LEVEL = "-O";
				VALIDATE_PRODUCT = YES;
			};
			name = Release;
		};
		A67B678C25ECF43D0082E81F /* Debug */ = {
			isa = XCBuildConfiguration;
			buildSettings = {
				ASSETCATALOG_COMPILER_APPICON_NAME = AppIcon;
				ASSETCATALOG_COMPILER_GLOBAL_ACCENT_COLOR_NAME = AccentColor;
				CODE_SIGN_STYLE = Automatic;
				DEVELOPMENT_ASSET_PATHS = "\"PencilDrawing/Preview Content\"";
				DEVELOPMENT_TEAM = CXNVD5K48Q;
				ENABLE_PREVIEWS = YES;
				INFOPLIST_FILE = PencilDrawing/Info.plist;
				IPHONEOS_DEPLOYMENT_TARGET = 14.0;
				LD_RUNPATH_SEARCH_PATHS = (
					"$(inherited)",
					"@executable_path/Frameworks",
				);
				PRODUCT_BUNDLE_IDENTIFIER = daiki7nohe.PencilDrawing;
				PRODUCT_NAME = "$(TARGET_NAME)";
				SWIFT_VERSION = 5.0;
				TARGETED_DEVICE_FAMILY = "1,2";
			};
			name = Debug;
		};
		A67B678D25ECF43D0082E81F /* Release */ = {
			isa = XCBuildConfiguration;
			buildSettings = {
				ASSETCATALOG_COMPILER_APPICON_NAME = AppIcon;
				ASSETCATALOG_COMPILER_GLOBAL_ACCENT_COLOR_NAME = AccentColor;
				CODE_SIGN_STYLE = Automatic;
				DEVELOPMENT_ASSET_PATHS = "\"PencilDrawing/Preview Content\"";
				DEVELOPMENT_TEAM = CXNVD5K48Q;
				ENABLE_PREVIEWS = YES;
				INFOPLIST_FILE = PencilDrawing/Info.plist;
				IPHONEOS_DEPLOYMENT_TARGET = 14.0;
				LD_RUNPATH_SEARCH_PATHS = (
					"$(inherited)",
					"@executable_path/Frameworks",
				);
				PRODUCT_BUNDLE_IDENTIFIER = daiki7nohe.PencilDrawing;
				PRODUCT_NAME = "$(TARGET_NAME)";
				SWIFT_VERSION = 5.0;
				TARGETED_DEVICE_FAMILY = "1,2";
			};
			name = Release;
		};
/* End XCBuildConfiguration section */

/* Begin XCConfigurationList section */
		A67B677725ECF4360082E81F /* Build configuration list for PBXProject "PencilDrawing" */ = {
			isa = XCConfigurationList;
			buildConfigurations = (
				A67B678925ECF43D0082E81F /* Debug */,
				A67B678A25ECF43D0082E81F /* Release */,
			);
			defaultConfigurationIsVisible = 0;
			defaultConfigurationName = Release;
		};
		A67B678B25ECF43D0082E81F /* Build configuration list for PBXNativeTarget "PencilDrawing" */ = {
			isa = XCConfigurationList;
			buildConfigurations = (
				A67B678C25ECF43D0082E81F /* Debug */,
				A67B678D25ECF43D0082E81F /* Release */,
			);
			defaultConfigurationIsVisible = 0;
			defaultConfigurationName = Release;
		};
/* End XCConfigurationList section */
	};
	rootObject = A67B677425ECF4350082E81F /* Project object */;
}
